// !$*UTF8*$!
{
	archiveVersion = 1;
	classes = {
	};
	objectVersion = 50;
	objects = {

/* Begin PBXBuildFile section */
		5B41B0B522A1C1FC00DEF17D /* AppDelegate.swift in Sources */ = {isa = PBXBuildFile; fileRef = 5B41B0B422A1C1FC00DEF17D /* AppDelegate.swift */; };
		5B41B0B722A1C1FC00DEF17D /* ViewController.swift in Sources */ = {isa = PBXBuildFile; fileRef = 5B41B0B622A1C1FC00DEF17D /* ViewController.swift */; };
		5B41B0BA22A1C1FC00DEF17D /* Main.storyboard in Resources */ = {isa = PBXBuildFile; fileRef = 5B41B0B822A1C1FC00DEF17D /* Main.storyboard */; };
		5B41B0BC22A1C1FE00DEF17D /* Assets.xcassets in Resources */ = {isa = PBXBuildFile; fileRef = 5B41B0BB22A1C1FE00DEF17D /* Assets.xcassets */; };
		5B41B0BF22A1C1FE00DEF17D /* LaunchScreen.storyboard in Resources */ = {isa = PBXBuildFile; fileRef = 5B41B0BD22A1C1FE00DEF17D /* LaunchScreen.storyboard */; };
		5B41B0DC22A6FF9C00DEF17D /* cat3.gif in Resources */ = {isa = PBXBuildFile; fileRef = 5B41B0D822A6FF9C00DEF17D /* cat3.gif */; };
		5B41B0DD22A6FF9C00DEF17D /* cat2.gif in Resources */ = {isa = PBXBuildFile; fileRef = 5B41B0D922A6FF9C00DEF17D /* cat2.gif */; };
		5B41B0DE22A6FF9C00DEF17D /* cat0.gif in Resources */ = {isa = PBXBuildFile; fileRef = 5B41B0DA22A6FF9C00DEF17D /* cat0.gif */; };
		5B41B0DF22A6FF9C00DEF17D /* cat1.gif in Resources */ = {isa = PBXBuildFile; fileRef = 5B41B0DB22A6FF9C00DEF17D /* cat1.gif */; };
		5B41B0ED22A711EB00DEF17D /* rocket3.gif in Resources */ = {isa = PBXBuildFile; fileRef = 5B41B0E922A711EB00DEF17D /* rocket3.gif */; };
		5B41B0EE22A711EB00DEF17D /* rocket1.gif in Resources */ = {isa = PBXBuildFile; fileRef = 5B41B0EA22A711EB00DEF17D /* rocket1.gif */; };
		5B41B0EF22A711EB00DEF17D /* rocket0.gif in Resources */ = {isa = PBXBuildFile; fileRef = 5B41B0EB22A711EB00DEF17D /* rocket0.gif */; };
		5B41B0F022A711EB00DEF17D /* rocket2.gif in Resources */ = {isa = PBXBuildFile; fileRef = 5B41B0EC22A711EB00DEF17D /* rocket2.gif */; };
		5B41B0F222A7178300DEF17D /* space.jpg in Resources */ = {isa = PBXBuildFile; fileRef = 5B41B0F122A7178300DEF17D /* space.jpg */; };
/* End PBXBuildFile section */

/* Begin PBXFileReference section */
		5B41B0B122A1C1FC00DEF17D /* homework21(Animations).app */ = {isa = PBXFileReference; explicitFileType = wrapper.application; includeInIndex = 0; path = "homework21(Animations).app"; sourceTree = BUILT_PRODUCTS_DIR; };
		5B41B0B422A1C1FC00DEF17D /* AppDelegate.swift */ = {isa = PBXFileReference; lastKnownFileType = sourcecode.swift; path = AppDelegate.swift; sourceTree = "<group>"; };
		5B41B0B622A1C1FC00DEF17D /* ViewController.swift */ = {isa = PBXFileReference; lastKnownFileType = sourcecode.swift; path = ViewController.swift; sourceTree = "<group>"; };
		5B41B0B922A1C1FC00DEF17D /* Base */ = {isa = PBXFileReference; lastKnownFileType = file.storyboard; name = Base; path = Base.lproj/Main.storyboard; sourceTree = "<group>"; };
		5B41B0BB22A1C1FE00DEF17D /* Assets.xcassets */ = {isa = PBXFileReference; lastKnownFileType = folder.assetcatalog; path = Assets.xcassets; sourceTree = "<group>"; };
		5B41B0BE22A1C1FE00DEF17D /* Base */ = {isa = PBXFileReference; lastKnownFileType = file.storyboard; name = Base; path = Base.lproj/LaunchScreen.storyboard; sourceTree = "<group>"; };
		5B41B0C022A1C1FE00DEF17D /* Info.plist */ = {isa = PBXFileReference; lastKnownFileType = text.plist.xml; path = Info.plist; sourceTree = "<group>"; };
		5B41B0D822A6FF9C00DEF17D /* cat3.gif */ = {isa = PBXFileReference; lastKnownFileType = image.gif; path = cat3.gif; sourceTree = "<group>"; };
		5B41B0D922A6FF9C00DEF17D /* cat2.gif */ = {isa = PBXFileReference; lastKnownFileType = image.gif; path = cat2.gif; sourceTree = "<group>"; };
		5B41B0DA22A6FF9C00DEF17D /* cat0.gif */ = {isa = PBXFileReference; lastKnownFileType = image.gif; path = cat0.gif; sourceTree = "<group>"; };
		5B41B0DB22A6FF9C00DEF17D /* cat1.gif */ = {isa = PBXFileReference; lastKnownFileType = image.gif; path = cat1.gif; sourceTree = "<group>"; };
		5B41B0E922A711EB00DEF17D /* rocket3.gif */ = {isa = PBXFileReference; lastKnownFileType = image.gif; path = rocket3.gif; sourceTree = "<group>"; };
		5B41B0EA22A711EB00DEF17D /* rocket1.gif */ = {isa = PBXFileReference; lastKnownFileType = image.gif; path = rocket1.gif; sourceTree = "<group>"; };
		5B41B0EB22A711EB00DEF17D /* rocket0.gif */ = {isa = PBXFileReference; lastKnownFileType = image.gif; path = rocket0.gif; sourceTree = "<group>"; };
		5B41B0EC22A711EB00DEF17D /* rocket2.gif */ = {isa = PBXFileReference; lastKnownFileType = image.gif; path = rocket2.gif; sourceTree = "<group>"; };
		5B41B0F122A7178300DEF17D /* space.jpg */ = {isa = PBXFileReference; lastKnownFileType = image.jpeg; name = space.jpg; path = "homework21(Animations)/png/space.jpg"; sourceTree = SOURCE_ROOT; };
/* End PBXFileReference section */

/* Begin PBXFrameworksBuildPhase section */
		5B41B0AE22A1C1FC00DEF17D /* Frameworks */ = {
			isa = PBXFrameworksBuildPhase;
			buildActionMask = 2147483647;
			files = (
			);
			runOnlyForDeploymentPostprocessing = 0;
		};
/* End PBXFrameworksBuildPhase section */

/* Begin PBXGroup section */
		5B41B0A822A1C1FC00DEF17D = {
			isa = PBXGroup;
			children = (
				5B41B0B322A1C1FC00DEF17D /* homework21(Animations) */,
				5B41B0B222A1C1FC00DEF17D /* Products */,
				5B41B0CE22A6FE7000DEF17D /* png */,
			);
			sourceTree = "<group>";
		};
		5B41B0B222A1C1FC00DEF17D /* Products */ = {
			isa = PBXGroup;
			children = (
				5B41B0B122A1C1FC00DEF17D /* homework21(Animations).app */,
			);
			name = Products;
			sourceTree = "<group>";
		};
		5B41B0B322A1C1FC00DEF17D /* homework21(Animations) */ = {
			isa = PBXGroup;
			children = (
				5B41B0B422A1C1FC00DEF17D /* AppDelegate.swift */,
				5B41B0B622A1C1FC00DEF17D /* ViewController.swift */,
				5B41B0B822A1C1FC00DEF17D /* Main.storyboard */,
				5B41B0BB22A1C1FE00DEF17D /* Assets.xcassets */,
				5B41B0BD22A1C1FE00DEF17D /* LaunchScreen.storyboard */,
				5B41B0C022A1C1FE00DEF17D /* Info.plist */,
			);
			path = "homework21(Animations)";
			sourceTree = "<group>";
		};
		5B41B0CE22A6FE7000DEF17D /* png */ = {
			isa = PBXGroup;
			children = (
				5B41B0F122A7178300DEF17D /* space.jpg */,
				5B41B0E022A7119000DEF17D /* rocket */,
				5B41B0CF22A6FE7000DEF17D /* cat */,
			);
			name = png;
			path = "homework21(Animations)/png";
			sourceTree = "<group>";
		};
		5B41B0CF22A6FE7000DEF17D /* cat */ = {
			isa = PBXGroup;
			children = (
				5B41B0DA22A6FF9C00DEF17D /* cat0.gif */,
				5B41B0DB22A6FF9C00DEF17D /* cat1.gif */,
				5B41B0D922A6FF9C00DEF17D /* cat2.gif */,
				5B41B0D822A6FF9C00DEF17D /* cat3.gif */,
			);
			path = cat;
			sourceTree = "<group>";
		};
		5B41B0E022A7119000DEF17D /* rocket */ = {
			isa = PBXGroup;
			children = (
				5B41B0EB22A711EB00DEF17D /* rocket0.gif */,
				5B41B0EA22A711EB00DEF17D /* rocket1.gif */,
				5B41B0EC22A711EB00DEF17D /* rocket2.gif */,
				5B41B0E922A711EB00DEF17D /* rocket3.gif */,
			);
			path = rocket;
			sourceTree = "<group>";
		};
/* End PBXGroup section */

/* Begin PBXNativeTarget section */
		5B41B0B022A1C1FC00DEF17D /* homework21(Animations) */ = {
			isa = PBXNativeTarget;
			buildConfigurationList = 5B41B0C322A1C1FE00DEF17D /* Build configuration list for PBXNativeTarget "homework21(Animations)" */;
			buildPhases = (
				5B41B0AD22A1C1FC00DEF17D /* Sources */,
				5B41B0AE22A1C1FC00DEF17D /* Frameworks */,
				5B41B0AF22A1C1FC00DEF17D /* Resources */,
			);
			buildRules = (
			);
			dependencies = (
			);
			name = "homework21(Animations)";
			productName = "homework21(Animations)";
			productReference = 5B41B0B122A1C1FC00DEF17D /* homework21(Animations).app */;
			productType = "com.apple.product-type.application";
		};
/* End PBXNativeTarget section */

/* Begin PBXProject section */
		5B41B0A922A1C1FC00DEF17D /* Project object */ = {
			isa = PBXProject;
			attributes = {
				LastSwiftUpdateCheck = 1020;
				LastUpgradeCheck = 1020;
				ORGANIZATIONNAME = "Aleksey Suslov";
				TargetAttributes = {
					5B41B0B022A1C1FC00DEF17D = {
						CreatedOnToolsVersion = 10.2.1;
					};
				};
			};
			buildConfigurationList = 5B41B0AC22A1C1FC00DEF17D /* Build configuration list for PBXProject "homework21(Animations)" */;
			compatibilityVersion = "Xcode 9.3";
			developmentRegion = en;
			hasScannedForEncodings = 0;
			knownRegions = (
				en,
				Base,
			);
			mainGroup = 5B41B0A822A1C1FC00DEF17D;
			productRefGroup = 5B41B0B222A1C1FC00DEF17D /* Products */;
			projectDirPath = "";
			projectRoot = "";
			targets = (
				5B41B0B022A1C1FC00DEF17D /* homework21(Animations) */,
			);
		};
/* End PBXProject section */

/* Begin PBXResourcesBuildPhase section */
		5B41B0AF22A1C1FC00DEF17D /* Resources */ = {
			isa = PBXResourcesBuildPhase;
			buildActionMask = 2147483647;
			files = (
				5B41B0F022A711EB00DEF17D /* rocket2.gif in Resources */,
				5B41B0ED22A711EB00DEF17D /* rocket3.gif in Resources */,
				5B41B0DE22A6FF9C00DEF17D /* cat0.gif in Resources */,
				5B41B0BF22A1C1FE00DEF17D /* LaunchScreen.storyboard in Resources */,
				5B41B0F222A7178300DEF17D /* space.jpg in Resources */,
				5B41B0EF22A711EB00DEF17D /* rocket0.gif in Resources */,
				5B41B0BC22A1C1FE00DEF17D /* Assets.xcassets in Resources */,
				5B41B0BA22A1C1FC00DEF17D /* Main.storyboard in Resources */,
				5B41B0EE22A711EB00DEF17D /* rocket1.gif in Resources */,
				5B41B0DF22A6FF9C00DEF17D /* cat1.gif in Resources */,
				5B41B0DD22A6FF9C00DEF17D /* cat2.gif in Resources */,
				5B41B0DC22A6FF9C00DEF17D /* cat3.gif in Resources */,
			);
			runOnlyForDeploymentPostprocessing = 0;
		};
/* End PBXResourcesBuildPhase section */

/* Begin PBXSourcesBuildPhase section */
		5B41B0AD22A1C1FC00DEF17D /* Sources */ = {
			isa = PBXSourcesBuildPhase;
			buildActionMask = 2147483647;
			files = (
				5B41B0B722A1C1FC00DEF17D /* ViewController.swift in Sources */,
				5B41B0B522A1C1FC00DEF17D /* AppDelegate.swift in Sources */,
			);
			runOnlyForDeploymentPostprocessing = 0;
		};
/* End PBXSourcesBuildPhase section */

/* Begin PBXVariantGroup section */
		5B41B0B822A1C1FC00DEF17D /* Main.storyboard */ = {
			isa = PBXVariantGroup;
			children = (
				5B41B0B922A1C1FC00DEF17D /* Base */,
			);
			name = Main.storyboard;
			sourceTree = "<group>";
		};
		5B41B0BD22A1C1FE00DEF17D /* LaunchScreen.storyboard */ = {
			isa = PBXVariantGroup;
			children = (
				5B41B0BE22A1C1FE00DEF17D /* Base */,
			);
			name = LaunchScreen.storyboard;
			sourceTree = "<group>";
		};
/* End PBXVariantGroup section */

/* Begin XCBuildConfiguration section */
		5B41B0C122A1C1FE00DEF17D /* Debug */ = {
			isa = XCBuildConfiguration;
			buildSettings = {
				ALWAYS_SEARCH_USER_PATHS = NO;
				CLANG_ANALYZER_NONNULL = YES;
				CLANG_ANALYZER_NUMBER_OBJECT_CONVERSION = YES_AGGRESSIVE;
				CLANG_CXX_LANGUAGE_STANDARD = "gnu++14";
				CLANG_CXX_LIBRARY = "libc++";
				CLANG_ENABLE_MODULES = YES;
				CLANG_ENABLE_OBJC_ARC = YES;
				CLANG_ENABLE_OBJC_WEAK = YES;
				CLANG_WARN_BLOCK_CAPTURE_AUTORELEASING = YES;
				CLANG_WARN_BOOL_CONVERSION = YES;
				CLANG_WARN_COMMA = YES;
				CLANG_WARN_CONSTANT_CONVERSION = YES;
				CLANG_WARN_DEPRECATED_OBJC_IMPLEMENTATIONS = YES;
				CLANG_WARN_DIRECT_OBJC_ISA_USAGE = YES_ERROR;
				CLANG_WARN_DOCUMENTATION_COMMENTS = YES;
				CLANG_WARN_EMPTY_BODY = YES;
				CLANG_WARN_ENUM_CONVERSION = YES;
				CLANG_WARN_INFINITE_RECURSION = YES;
				CLANG_WARN_INT_CONVERSION = YES;
				CLANG_WARN_NON_LITERAL_NULL_CONVERSION = YES;
				CLANG_WARN_OBJC_IMPLICIT_RETAIN_SELF = YES;
				CLANG_WARN_OBJC_LITERAL_CONVERSION = YES;
				CLANG_WARN_OBJC_ROOT_CLASS = YES_ERROR;
				CLANG_WARN_RANGE_LOOP_ANALYSIS = YES;
				CLANG_WARN_STRICT_PROTOTYPES = YES;
				CLANG_WARN_SUSPICIOUS_MOVE = YES;
				CLANG_WARN_UNGUARDED_AVAILABILITY = YES_AGGRESSIVE;
				CLANG_WARN_UNREACHABLE_CODE = YES;
				CLANG_WARN__DUPLICATE_METHOD_MATCH = YES;
				CODE_SIGN_IDENTITY = "iPhone Developer";
				COPY_PHASE_STRIP = NO;
				DEBUG_INFORMATION_FORMAT = dwarf;
				ENABLE_STRICT_OBJC_MSGSEND = YES;
				ENABLE_TESTABILITY = YES;
				GCC_C_LANGUAGE_STANDARD = gnu11;
				GCC_DYNAMIC_NO_PIC = NO;
				GCC_NO_COMMON_BLOCKS = YES;
				GCC_OPTIMIZATION_LEVEL = 0;
				GCC_PREPROCESSOR_DEFINITIONS = (
					"DEBUG=1",
					"$(inherited)",
				);
				GCC_WARN_64_TO_32_BIT_CONVERSION = YES;
				GCC_WARN_ABOUT_RETURN_TYPE = YES_ERROR;
				GCC_WARN_UNDECLARED_SELECTOR = YES;
				GCC_WARN_UNINITIALIZED_AUTOS = YES_AGGRESSIVE;
				GCC_WARN_UNUSED_FUNCTION = YES;
				GCC_WARN_UNUSED_VARIABLE = YES;
				IPHONEOS_DEPLOYMENT_TARGET = 12.2;
				MTL_ENABLE_DEBUG_INFO = INCLUDE_SOURCE;
				MTL_FAST_MATH = YES;
				ONLY_ACTIVE_ARCH = YES;
				SDKROOT = iphoneos;
				SWIFT_ACTIVE_COMPILATION_CONDITIONS = DEBUG;
				SWIFT_OPTIMIZATION_LEVEL = "-Onone";
			};
			name = Debug;
		};
		5B41B0C222A1C1FE00DEF17D /* Release */ = {
			isa = XCBuildConfiguration;
			buildSettings = {
				ALWAYS_SEARCH_USER_PATHS = NO;
				CLANG_ANALYZER_NONNULL = YES;
				CLANG_ANALYZER_NUMBER_OBJECT_CONVERSION = YES_AGGRESSIVE;
				CLANG_CXX_LANGUAGE_STANDARD = "gnu++14";
				CLANG_CXX_LIBRARY = "libc++";
				CLANG_ENABLE_MODULES = YES;
				CLANG_ENABLE_OBJC_ARC = YES;
				CLANG_ENABLE_OBJC_WEAK = YES;
				CLANG_WARN_BLOCK_CAPTURE_AUTORELEASING = YES;
				CLANG_WARN_BOOL_CONVERSION = YES;
				CLANG_WARN_COMMA = YES;
				CLANG_WARN_CONSTANT_CONVERSION = YES;
				CLANG_WARN_DEPRECATED_OBJC_IMPLEMENTATIONS = YES;
				CLANG_WARN_DIRECT_OBJC_ISA_USAGE = YES_ERROR;
				CLANG_WARN_DOCUMENTATION_COMMENTS = YES;
				CLANG_WARN_EMPTY_BODY = YES;
				CLANG_WARN_ENUM_CONVERSION = YES;
				CLANG_WARN_INFINITE_RECURSION = YES;
				CLANG_WARN_INT_CONVERSION = YES;
				CLANG_WARN_NON_LITERAL_NULL_CONVERSION = YES;
				CLANG_WARN_OBJC_IMPLICIT_RETAIN_SELF = YES;
				CLANG_WARN_OBJC_LITERAL_CONVERSION = YES;
				CLANG_WARN_OBJC_ROOT_CLASS = YES_ERROR;
				CLANG_WARN_RANGE_LOOP_ANALYSIS = YES;
				CLANG_WARN_STRICT_PROTOTYPES = YES;
				CLANG_WARN_SUSPICIOUS_MOVE = YES;
				CLANG_WARN_UNGUARDED_AVAILABILITY = YES_AGGRESSIVE;
				CLANG_WARN_UNREACHABLE_CODE = YES;
				CLANG_WARN__DUPLICATE_METHOD_MATCH = YES;
				CODE_SIGN_IDENTITY = "iPhone Developer";
				COPY_PHASE_STRIP = NO;
				DEBUG_INFORMATION_FORMAT = "dwarf-with-dsym";
				ENABLE_NS_ASSERTIONS = NO;
				ENABLE_STRICT_OBJC_MSGSEND = YES;
				GCC_C_LANGUAGE_STANDARD = gnu11;
				GCC_NO_COMMON_BLOCKS = YES;
				GCC_WARN_64_TO_32_BIT_CONVERSION = YES;
				GCC_WARN_ABOUT_RETURN_TYPE = YES_ERROR;
				GCC_WARN_UNDECLARED_SELECTOR = YES;
				GCC_WARN_UNINITIALIZED_AUTOS = YES_AGGRESSIVE;
				GCC_WARN_UNUSED_FUNCTION = YES;
				GCC_WARN_UNUSED_VARIABLE = YES;
				IPHONEOS_DEPLOYMENT_TARGET = 12.2;
				MTL_ENABLE_DEBUG_INFO = NO;
				MTL_FAST_MATH = YES;
				SDKROOT = iphoneos;
				SWIFT_COMPILATION_MODE = wholemodule;
				SWIFT_OPTIMIZATION_LEVEL = "-O";
				VALIDATE_PRODUCT = YES;
			};
			name = Release;
		};
		5B41B0C422A1C1FE00DEF17D /* Debug */ = {
			isa = XCBuildConfiguration;
			buildSettings = {
				ASSETCATALOG_COMPILER_APPICON_NAME = AppIcon;
				CODE_SIGN_STYLE = Automatic;
				INFOPLIST_FILE = "homework21(Animations)/Info.plist";
				LD_RUNPATH_SEARCH_PATHS = (
					"$(inherited)",
					"@executable_path/Frameworks",
				);
				PRODUCT_BUNDLE_IDENTIFIER = "com.alexsuslov.homework21-Animations-";
				PRODUCT_NAME = "$(TARGET_NAME)";
				SWIFT_VERSION = 5.0;
				TARGETED_DEVICE_FAMILY = "1,2";
			};
			name = Debug;
		};
		5B41B0C522A1C1FE00DEF17D /* Release */ = {
			isa = XCBuildConfiguration;
			buildSettings = {
				ASSETCATALOG_COMPILER_APPICON_NAME = AppIcon;
				CODE_SIGN_STYLE = Automatic;
				INFOPLIST_FILE = "homework21(Animations)/Info.plist";
				LD_RUNPATH_SEARCH_PATHS = (
					"$(inherited)",
					"@executable_path/Frameworks",
				);
				PRODUCT_BUNDLE_IDENTIFIER = "com.alexsuslov.homework21-Animations-";
				PRODUCT_NAME = "$(TARGET_NAME)";
				SWIFT_VERSION = 5.0;
				TARGETED_DEVICE_FAMILY = "1,2";
			};
			name = Release;
		};
/* End XCBuildConfiguration section */

/* Begin XCConfigurationList section */
		5B41B0AC22A1C1FC00DEF17D /* Build configuration list for PBXProject "homework21(Animations)" */ = {
			isa = XCConfigurationList;
			buildConfigurations = (
				5B41B0C122A1C1FE00DEF17D /* Debug */,
				5B41B0C222A1C1FE00DEF17D /* Release */,
			);
			defaultConfigurationIsVisible = 0;
			defaultConfigurationName = Release;
		};
		5B41B0C322A1C1FE00DEF17D /* Build configuration list for PBXNativeTarget "homework21(Animations)" */ = {
			isa = XCConfigurationList;
			buildConfigurations = (
				5B41B0C422A1C1FE00DEF17D /* Debug */,
				5B41B0C522A1C1FE00DEF17D /* Release */,
			);
			defaultConfigurationIsVisible = 0;
			defaultConfigurationName = Release;
		};
/* End XCConfigurationList section */
	};
	rootObject = 5B41B0A922A1C1FC00DEF17D /* Project object */;
}
