// !$*UTF8*$!
{
	archiveVersion = 1;
	classes = {
	};
	objectVersion = 50;
	objects = {

/* Begin PBXBuildFile section */
		5BFFCBF22281A72100D1E0AA /* AppDelegate.m in Sources */ = {isa = PBXBuildFile; fileRef = 5BFFCBF12281A72100D1E0AA /* AppDelegate.m */; };
		5BFFCBF52281A72100D1E0AA /* ViewController.m in Sources */ = {isa = PBXBuildFile; fileRef = 5BFFCBF42281A72100D1E0AA /* ViewController.m */; };
		5BFFCBF82281A72100D1E0AA /* Main.storyboard in Resources */ = {isa = PBXBuildFile; fileRef = 5BFFCBF62281A72100D1E0AA /* Main.storyboard */; };
		5BFFCBFA2281A72200D1E0AA /* Assets.xcassets in Resources */ = {isa = PBXBuildFile; fileRef = 5BFFCBF92281A72200D1E0AA /* Assets.xcassets */; };
		5BFFCBFD2281A72200D1E0AA /* LaunchScreen.storyboard in Resources */ = {isa = PBXBuildFile; fileRef = 5BFFCBFB2281A72200D1E0AA /* LaunchScreen.storyboard */; };
		5BFFCC002281A72200D1E0AA /* main.m in Sources */ = {isa = PBXBuildFile; fileRef = 5BFFCBFF2281A72200D1E0AA /* main.m */; };
/* End PBXBuildFile section */

/* Begin PBXFileReference section */
		5BFFCBED2281A72100D1E0AA /* homework13(Multithreading).app */ = {isa = PBXFileReference; explicitFileType = wrapper.application; includeInIndex = 0; path = "homework13(Multithreading).app"; sourceTree = BUILT_PRODUCTS_DIR; };
		5BFFCBF02281A72100D1E0AA /* AppDelegate.h */ = {isa = PBXFileReference; lastKnownFileType = sourcecode.c.h; path = AppDelegate.h; sourceTree = "<group>"; };
		5BFFCBF12281A72100D1E0AA /* AppDelegate.m */ = {isa = PBXFileReference; lastKnownFileType = sourcecode.c.objc; path = AppDelegate.m; sourceTree = "<group>"; };
		5BFFCBF32281A72100D1E0AA /* ViewController.h */ = {isa = PBXFileReference; lastKnownFileType = sourcecode.c.h; path = ViewController.h; sourceTree = "<group>"; };
		5BFFCBF42281A72100D1E0AA /* ViewController.m */ = {isa = PBXFileReference; lastKnownFileType = sourcecode.c.objc; path = ViewController.m; sourceTree = "<group>"; };
		5BFFCBF72281A72100D1E0AA /* Base */ = {isa = PBXFileReference; lastKnownFileType = file.storyboard; name = Base; path = Base.lproj/Main.storyboard; sourceTree = "<group>"; };
		5BFFCBF92281A72200D1E0AA /* Assets.xcassets */ = {isa = PBXFileReference; lastKnownFileType = folder.assetcatalog; path = Assets.xcassets; sourceTree = "<group>"; };
		5BFFCBFC2281A72200D1E0AA /* Base */ = {isa = PBXFileReference; lastKnownFileType = file.storyboard; name = Base; path = Base.lproj/LaunchScreen.storyboard; sourceTree = "<group>"; };
		5BFFCBFE2281A72200D1E0AA /* Info.plist */ = {isa = PBXFileReference; lastKnownFileType = text.plist.xml; path = Info.plist; sourceTree = "<group>"; };
		5BFFCBFF2281A72200D1E0AA /* main.m */ = {isa = PBXFileReference; lastKnownFileType = sourcecode.c.objc; path = main.m; sourceTree = "<group>"; };
/* End PBXFileReference section */

/* Begin PBXFrameworksBuildPhase section */
		5BFFCBEA2281A72100D1E0AA /* Frameworks */ = {
			isa = PBXFrameworksBuildPhase;
			buildActionMask = 2147483647;
			files = (
			);
			runOnlyForDeploymentPostprocessing = 0;
		};
/* End PBXFrameworksBuildPhase section */

/* Begin PBXGroup section */
		5BFFCBE42281A72100D1E0AA = {
			isa = PBXGroup;
			children = (
				5BFFCBEF2281A72100D1E0AA /* homework13(Multithreading) */,
				5BFFCBEE2281A72100D1E0AA /* Products */,
			);
			sourceTree = "<group>";
		};
		5BFFCBEE2281A72100D1E0AA /* Products */ = {
			isa = PBXGroup;
			children = (
				5BFFCBED2281A72100D1E0AA /* homework13(Multithreading).app */,
			);
			name = Products;
			sourceTree = "<group>";
		};
		5BFFCBEF2281A72100D1E0AA /* homework13(Multithreading) */ = {
			isa = PBXGroup;
			children = (
				5BFFCBF02281A72100D1E0AA /* AppDelegate.h */,
				5BFFCBF12281A72100D1E0AA /* AppDelegate.m */,
				5BFFCBF32281A72100D1E0AA /* ViewController.h */,
				5BFFCBF42281A72100D1E0AA /* ViewController.m */,
				5BFFCBF62281A72100D1E0AA /* Main.storyboard */,
				5BFFCBF92281A72200D1E0AA /* Assets.xcassets */,
				5BFFCBFB2281A72200D1E0AA /* LaunchScreen.storyboard */,
				5BFFCBFE2281A72200D1E0AA /* Info.plist */,
				5BFFCBFF2281A72200D1E0AA /* main.m */,
			);
			path = "homework13(Multithreading)";
			sourceTree = "<group>";
		};
/* End PBXGroup section */

/* Begin PBXNativeTarget section */
		5BFFCBEC2281A72100D1E0AA /* homework13(Multithreading) */ = {
			isa = PBXNativeTarget;
			buildConfigurationList = 5BFFCC032281A72200D1E0AA /* Build configuration list for PBXNativeTarget "homework13(Multithreading)" */;
			buildPhases = (
				5BFFCBE92281A72100D1E0AA /* Sources */,
				5BFFCBEA2281A72100D1E0AA /* Frameworks */,
				5BFFCBEB2281A72100D1E0AA /* Resources */,
			);
			buildRules = (
			);
			dependencies = (
			);
			name = "homework13(Multithreading)";
			productName = "homework13(Multithreading)";
			productReference = 5BFFCBED2281A72100D1E0AA /* homework13(Multithreading).app */;
			productType = "com.apple.product-type.application";
		};
/* End PBXNativeTarget section */

/* Begin PBXProject section */
		5BFFCBE52281A72100D1E0AA /* Project object */ = {
			isa = PBXProject;
			attributes = {
				LastUpgradeCheck = 1020;
				ORGANIZATIONNAME = "Aleksey Suslov";
				TargetAttributes = {
					5BFFCBEC2281A72100D1E0AA = {
						CreatedOnToolsVersion = 10.2.1;
					};
				};
			};
			buildConfigurationList = 5BFFCBE82281A72100D1E0AA /* Build configuration list for PBXProject "homework13(Multithreading)" */;
			compatibilityVersion = "Xcode 9.3";
			developmentRegion = en;
			hasScannedForEncodings = 0;
			knownRegions = (
				en,
				Base,
			);
			mainGroup = 5BFFCBE42281A72100D1E0AA;
			productRefGroup = 5BFFCBEE2281A72100D1E0AA /* Products */;
			projectDirPath = "";
			projectRoot = "";
			targets = (
				5BFFCBEC2281A72100D1E0AA /* homework13(Multithreading) */,
			);
		};
/* End PBXProject section */

/* Begin PBXResourcesBuildPhase section */
		5BFFCBEB2281A72100D1E0AA /* Resources */ = {
			isa = PBXResourcesBuildPhase;
			buildActionMask = 2147483647;
			files = (
				5BFFCBFD2281A72200D1E0AA /* LaunchScreen.storyboard in Resources */,
				5BFFCBFA2281A72200D1E0AA /* Assets.xcassets in Resources */,
				5BFFCBF82281A72100D1E0AA /* Main.storyboard in Resources */,
			);
			runOnlyForDeploymentPostprocessing = 0;
		};
/* End PBXResourcesBuildPhase section */

/* Begin PBXSourcesBuildPhase section */
		5BFFCBE92281A72100D1E0AA /* Sources */ = {
			isa = PBXSourcesBuildPhase;
			buildActionMask = 2147483647;
			files = (
				5BFFCBF52281A72100D1E0AA /* ViewController.m in Sources */,
				5BFFCC002281A72200D1E0AA /* main.m in Sources */,
				5BFFCBF22281A72100D1E0AA /* AppDelegate.m in Sources */,
			);
			runOnlyForDeploymentPostprocessing = 0;
		};
/* End PBXSourcesBuildPhase section */

/* Begin PBXVariantGroup section */
		5BFFCBF62281A72100D1E0AA /* Main.storyboard */ = {
			isa = PBXVariantGroup;
			children = (
				5BFFCBF72281A72100D1E0AA /* Base */,
			);
			name = Main.storyboard;
			sourceTree = "<group>";
		};
		5BFFCBFB2281A72200D1E0AA /* LaunchScreen.storyboard */ = {
			isa = PBXVariantGroup;
			children = (
				5BFFCBFC2281A72200D1E0AA /* Base */,
			);
			name = LaunchScreen.storyboard;
			sourceTree = "<group>";
		};
/* End PBXVariantGroup section */

/* Begin XCBuildConfiguration section */
		5BFFCC012281A72200D1E0AA /* Debug */ = {
			isa = XCBuildConfiguration;
			buildSettings = {
				ALWAYS_SEARCH_USER_PATHS = NO;
				CLANG_ANALYZER_NONNULL = YES;
				CLANG_ANALYZER_NUMBER_OBJECT_CONVERSION = YES_AGGRESSIVE;
				CLANG_CXX_LANGUAGE_STANDARD = "gnu++14";
				CLANG_CXX_LIBRARY = "libc++";
				CLANG_ENABLE_MODULES = YES;
				CLANG_ENABLE_OBJC_ARC = YES;
				CLANG_ENABLE_OBJC_WEAK = YES;
				CLANG_WARN_BLOCK_CAPTURE_AUTORELEASING = YES;
				CLANG_WARN_BOOL_CONVERSION = YES;
				CLANG_WARN_COMMA = YES;
				CLANG_WARN_CONSTANT_CONVERSION = YES;
				CLANG_WARN_DEPRECATED_OBJC_IMPLEMENTATIONS = YES;
				CLANG_WARN_DIRECT_OBJC_ISA_USAGE = YES_ERROR;
				CLANG_WARN_DOCUMENTATION_COMMENTS = YES;
				CLANG_WARN_EMPTY_BODY = YES;
				CLANG_WARN_ENUM_CONVERSION = YES;
				CLANG_WARN_INFINITE_RECURSION = YES;
				CLANG_WARN_INT_CONVERSION = YES;
				CLANG_WARN_NON_LITERAL_NULL_CONVERSION = YES;
				CLANG_WARN_OBJC_IMPLICIT_RETAIN_SELF = YES;
				CLANG_WARN_OBJC_LITERAL_CONVERSION = YES;
				CLANG_WARN_OBJC_ROOT_CLASS = YES_ERROR;
				CLANG_WARN_RANGE_LOOP_ANALYSIS = YES;
				CLANG_WARN_STRICT_PROTOTYPES = YES;
				CLANG_WARN_SUSPICIOUS_MOVE = YES;
				CLANG_WARN_UNGUARDED_AVAILABILITY = YES_AGGRESSIVE;
				CLANG_WARN_UNREACHABLE_CODE = YES;
				CLANG_WARN__DUPLICATE_METHOD_MATCH = YES;
				CODE_SIGN_IDENTITY = "iPhone Developer";
				COPY_PHASE_STRIP = NO;
				DEBUG_INFORMATION_FORMAT = dwarf;
				ENABLE_STRICT_OBJC_MSGSEND = YES;
				ENABLE_TESTABILITY = YES;
				GCC_C_LANGUAGE_STANDARD = gnu11;
				GCC_DYNAMIC_NO_PIC = NO;
				GCC_NO_COMMON_BLOCKS = YES;
				GCC_OPTIMIZATION_LEVEL = 0;
				GCC_PREPROCESSOR_DEFINITIONS = (
					"DEBUG=1",
					"$(inherited)",
				);
				GCC_WARN_64_TO_32_BIT_CONVERSION = YES;
				GCC_WARN_ABOUT_RETURN_TYPE = YES_ERROR;
				GCC_WARN_UNDECLARED_SELECTOR = YES;
				GCC_WARN_UNINITIALIZED_AUTOS = YES_AGGRESSIVE;
				GCC_WARN_UNUSED_FUNCTION = YES;
				GCC_WARN_UNUSED_VARIABLE = YES;
				IPHONEOS_DEPLOYMENT_TARGET = 12.2;
				MTL_ENABLE_DEBUG_INFO = INCLUDE_SOURCE;
				MTL_FAST_MATH = YES;
				ONLY_ACTIVE_ARCH = YES;
				SDKROOT = iphoneos;
			};
			name = Debug;
		};
		5BFFCC022281A72200D1E0AA /* Release */ = {
			isa = XCBuildConfiguration;
			buildSettings = {
				ALWAYS_SEARCH_USER_PATHS = NO;
				CLANG_ANALYZER_NONNULL = YES;
				CLANG_ANALYZER_NUMBER_OBJECT_CONVERSION = YES_AGGRESSIVE;
				CLANG_CXX_LANGUAGE_STANDARD = "gnu++14";
				CLANG_CXX_LIBRARY = "libc++";
				CLANG_ENABLE_MODULES = YES;
				CLANG_ENABLE_OBJC_ARC = YES;
				CLANG_ENABLE_OBJC_WEAK = YES;
				CLANG_WARN_BLOCK_CAPTURE_AUTORELEASING = YES;
				CLANG_WARN_BOOL_CONVERSION = YES;
				CLANG_WARN_COMMA = YES;
				CLANG_WARN_CONSTANT_CONVERSION = YES;
				CLANG_WARN_DEPRECATED_OBJC_IMPLEMENTATIONS = YES;
				CLANG_WARN_DIRECT_OBJC_ISA_USAGE = YES_ERROR;
				CLANG_WARN_DOCUMENTATION_COMMENTS = YES;
				CLANG_WARN_EMPTY_BODY = YES;
				CLANG_WARN_ENUM_CONVERSION = YES;
				CLANG_WARN_INFINITE_RECURSION = YES;
				CLANG_WARN_INT_CONVERSION = YES;
				CLANG_WARN_NON_LITERAL_NULL_CONVERSION = YES;
				CLANG_WARN_OBJC_IMPLICIT_RETAIN_SELF = YES;
				CLANG_WARN_OBJC_LITERAL_CONVERSION = YES;
				CLANG_WARN_OBJC_ROOT_CLASS = YES_ERROR;
				CLANG_WARN_RANGE_LOOP_ANALYSIS = YES;
				CLANG_WARN_STRICT_PROTOTYPES = YES;
				CLANG_WARN_SUSPICIOUS_MOVE = YES;
				CLANG_WARN_UNGUARDED_AVAILABILITY = YES_AGGRESSIVE;
				CLANG_WARN_UNREACHABLE_CODE = YES;
				CLANG_WARN__DUPLICATE_METHOD_MATCH = YES;
				CODE_SIGN_IDENTITY = "iPhone Developer";
				COPY_PHASE_STRIP = NO;
				DEBUG_INFORMATION_FORMAT = "dwarf-with-dsym";
				ENABLE_NS_ASSERTIONS = NO;
				ENABLE_STRICT_OBJC_MSGSEND = YES;
				GCC_C_LANGUAGE_STANDARD = gnu11;
				GCC_NO_COMMON_BLOCKS = YES;
				GCC_WARN_64_TO_32_BIT_CONVERSION = YES;
				GCC_WARN_ABOUT_RETURN_TYPE = YES_ERROR;
				GCC_WARN_UNDECLARED_SELECTOR = YES;
				GCC_WARN_UNINITIALIZED_AUTOS = YES_AGGRESSIVE;
				GCC_WARN_UNUSED_FUNCTION = YES;
				GCC_WARN_UNUSED_VARIABLE = YES;
				IPHONEOS_DEPLOYMENT_TARGET = 12.2;
				MTL_ENABLE_DEBUG_INFO = NO;
				MTL_FAST_MATH = YES;
				SDKROOT = iphoneos;
				VALIDATE_PRODUCT = YES;
			};
			name = Release;
		};
		5BFFCC042281A72200D1E0AA /* Debug */ = {
			isa = XCBuildConfiguration;
			buildSettings = {
				ASSETCATALOG_COMPILER_APPICON_NAME = AppIcon;
				CODE_SIGN_STYLE = Automatic;
				INFOPLIST_FILE = "homework13(Multithreading)/Info.plist";
				LD_RUNPATH_SEARCH_PATHS = (
					"$(inherited)",
					"@executable_path/Frameworks",
				);
				PRODUCT_BUNDLE_IDENTIFIER = "com.alexsuslov.homework13-Multithreading-";
				PRODUCT_NAME = "$(TARGET_NAME)";
				TARGETED_DEVICE_FAMILY = "1,2";
			};
			name = Debug;
		};
		5BFFCC052281A72200D1E0AA /* Release */ = {
			isa = XCBuildConfiguration;
			buildSettings = {
				ASSETCATALOG_COMPILER_APPICON_NAME = AppIcon;
				CODE_SIGN_STYLE = Automatic;
				INFOPLIST_FILE = "homework13(Multithreading)/Info.plist";
				LD_RUNPATH_SEARCH_PATHS = (
					"$(inherited)",
					"@executable_path/Frameworks",
				);
				PRODUCT_BUNDLE_IDENTIFIER = "com.alexsuslov.homework13-Multithreading-";
				PRODUCT_NAME = "$(TARGET_NAME)";
				TARGETED_DEVICE_FAMILY = "1,2";
			};
			name = Release;
		};
/* End XCBuildConfiguration section */

/* Begin XCConfigurationList section */
		5BFFCBE82281A72100D1E0AA /* Build configuration list for PBXProject "homework13(Multithreading)" */ = {
			isa = XCConfigurationList;
			buildConfigurations = (
				5BFFCC012281A72200D1E0AA /* Debug */,
				5BFFCC022281A72200D1E0AA /* Release */,
			);
			defaultConfigurationIsVisible = 0;
			defaultConfigurationName = Release;
		};
		5BFFCC032281A72200D1E0AA /* Build configuration list for PBXNativeTarget "homework13(Multithreading)" */ = {
			isa = XCConfigurationList;
			buildConfigurations = (
				5BFFCC042281A72200D1E0AA /* Debug */,
				5BFFCC052281A72200D1E0AA /* Release */,
			);
			defaultConfigurationIsVisible = 0;
			defaultConfigurationName = Release;
		};
/* End XCConfigurationList section */
	};
	rootObject = 5BFFCBE52281A72100D1E0AA /* Project object */;
}
